// !$*UTF8*$!
{
	archiveVersion = 1;
	classes = {
	};
	objectVersion = 46;
	objects = {

/* Begin PBXBuildFile section */
		212CE6FE9E5BFCB664AC2326 /* Pods.framework in Frameworks */ = {isa = PBXBuildFile; fileRef = A2F52FDDB8C9D3109473226C /* Pods.framework */; settings = {ATTRIBUTES = (Weak, ); }; };
		4DCC5F0AC83A004987C7F558 /* Pods.framework in Frameworks */ = {isa = PBXBuildFile; fileRef = A2F52FDDB8C9D3109473226C /* Pods.framework */; settings = {ATTRIBUTES = (Weak, ); }; };
		992048711B53FF2B005F3AB3 /* AppDelegate.swift in Sources */ = {isa = PBXBuildFile; fileRef = 992048701B53FF2B005F3AB3 /* AppDelegate.swift */; };
		992048761B53FF2B005F3AB3 /* Main.storyboard in Resources */ = {isa = PBXBuildFile; fileRef = 992048741B53FF2B005F3AB3 /* Main.storyboard */; };
		992048781B53FF2B005F3AB3 /* Images.xcassets in Resources */ = {isa = PBXBuildFile; fileRef = 992048771B53FF2B005F3AB3 /* Images.xcassets */; };
		9920487B1B53FF2B005F3AB3 /* LaunchScreen.xib in Resources */ = {isa = PBXBuildFile; fileRef = 992048791B53FF2B005F3AB3 /* LaunchScreen.xib */; };
		992048871B53FF2B005F3AB3 /* FareDealKoalaTests.swift in Sources */ = {isa = PBXBuildFile; fileRef = 992048861B53FF2B005F3AB3 /* FareDealKoalaTests.swift */; };
		992048911B53FFE5005F3AB3 /* CoreLocation.framework in Frameworks */ = {isa = PBXBuildFile; fileRef = 992048901B53FFE5005F3AB3 /* CoreLocation.framework */; };
		992048931B54001A005F3AB3 /* TinderLikeViewController.swift in Sources */ = {isa = PBXBuildFile; fileRef = 992048921B54001A005F3AB3 /* TinderLikeViewController.swift */; };
		992048961B54094A005F3AB3 /* OverlayView.xib in Resources */ = {isa = PBXBuildFile; fileRef = 992048941B54094A005F3AB3 /* OverlayView.xib */; };
		9920489A1B540A86005F3AB3 /* SelectionOverlay.swift in Sources */ = {isa = PBXBuildFile; fileRef = 992048991B540A86005F3AB3 /* SelectionOverlay.swift */; };
		992048A11B54184F005F3AB3 /* CFNetwork.framework in Frameworks */ = {isa = PBXBuildFile; fileRef = 992048A01B54184F005F3AB3 /* CFNetwork.framework */; };
		992048A31B541857005F3AB3 /* CoreData.framework in Frameworks */ = {isa = PBXBuildFile; fileRef = 992048A21B541857005F3AB3 /* CoreData.framework */; };
		992048A51B54185D005F3AB3 /* MobileCoreServices.framework in Frameworks */ = {isa = PBXBuildFile; fileRef = 992048A41B54185D005F3AB3 /* MobileCoreServices.framework */; };
		992048A81B541870005F3AB3 /* Security.framework in Frameworks */ = {isa = PBXBuildFile; fileRef = 992048A61B541870005F3AB3 /* Security.framework */; };
		992048A91B541870005F3AB3 /* SystemConfiguration.framework in Frameworks */ = {isa = PBXBuildFile; fileRef = 992048A71B541870005F3AB3 /* SystemConfiguration.framework */; };
/* End PBXBuildFile section */

/* Begin PBXContainerItemProxy section */
		992048811B53FF2B005F3AB3 /* PBXContainerItemProxy */ = {
			isa = PBXContainerItemProxy;
			containerPortal = 992048631B53FF2B005F3AB3 /* Project object */;
			proxyType = 1;
			remoteGlobalIDString = 9920486A1B53FF2B005F3AB3;
			remoteInfo = FareDealKoala;
		};
/* End PBXContainerItemProxy section */

/* Begin PBXFileReference section */
		0C29413B45AAFA01FA1FB827 /* Pods.release.xcconfig */ = {isa = PBXFileReference; includeInIndex = 1; lastKnownFileType = text.xcconfig; name = Pods.release.xcconfig; path = "Pods/Target Support Files/Pods/Pods.release.xcconfig"; sourceTree = "<group>"; };
		89B5C25E023D4C97D94E6AFE /* Pods.debug.xcconfig */ = {isa = PBXFileReference; includeInIndex = 1; lastKnownFileType = text.xcconfig; name = Pods.debug.xcconfig; path = "Pods/Target Support Files/Pods/Pods.debug.xcconfig"; sourceTree = "<group>"; };
		9920486B1B53FF2B005F3AB3 /* FareDealKoala.app */ = {isa = PBXFileReference; explicitFileType = wrapper.application; includeInIndex = 0; path = FareDealKoala.app; sourceTree = BUILT_PRODUCTS_DIR; };
		9920486F1B53FF2B005F3AB3 /* Info.plist */ = {isa = PBXFileReference; lastKnownFileType = text.plist.xml; path = Info.plist; sourceTree = "<group>"; };
		992048701B53FF2B005F3AB3 /* AppDelegate.swift */ = {isa = PBXFileReference; lastKnownFileType = sourcecode.swift; path = AppDelegate.swift; sourceTree = "<group>"; };
		992048751B53FF2B005F3AB3 /* Base */ = {isa = PBXFileReference; lastKnownFileType = file.storyboard; name = Base; path = Base.lproj/Main.storyboard; sourceTree = "<group>"; };
		992048771B53FF2B005F3AB3 /* Images.xcassets */ = {isa = PBXFileReference; lastKnownFileType = folder.assetcatalog; path = Images.xcassets; sourceTree = "<group>"; };
		9920487A1B53FF2B005F3AB3 /* Base */ = {isa = PBXFileReference; lastKnownFileType = file.xib; name = Base; path = Base.lproj/LaunchScreen.xib; sourceTree = "<group>"; };
		992048801B53FF2B005F3AB3 /* FareDealKoalaTests.xctest */ = {isa = PBXFileReference; explicitFileType = wrapper.cfbundle; includeInIndex = 0; path = FareDealKoalaTests.xctest; sourceTree = BUILT_PRODUCTS_DIR; };
		992048851B53FF2B005F3AB3 /* Info.plist */ = {isa = PBXFileReference; lastKnownFileType = text.plist.xml; path = Info.plist; sourceTree = "<group>"; };
		992048861B53FF2B005F3AB3 /* FareDealKoalaTests.swift */ = {isa = PBXFileReference; lastKnownFileType = sourcecode.swift; path = FareDealKoalaTests.swift; sourceTree = "<group>"; };
		992048901B53FFE5005F3AB3 /* CoreLocation.framework */ = {isa = PBXFileReference; lastKnownFileType = wrapper.framework; name = CoreLocation.framework; path = System/Library/Frameworks/CoreLocation.framework; sourceTree = SDKROOT; };
		992048921B54001A005F3AB3 /* TinderLikeViewController.swift */ = {isa = PBXFileReference; fileEncoding = 4; lastKnownFileType = sourcecode.swift; path = TinderLikeViewController.swift; sourceTree = "<group>"; };
		992048951B54094A005F3AB3 /* Base */ = {isa = PBXFileReference; lastKnownFileType = file.xib; name = Base; path = "../../../Development/TinderLikeApps/Koloda-master/Example/Koloda/Base.lproj/OverlayView.xib"; sourceTree = "<group>"; };
		992048991B540A86005F3AB3 /* SelectionOverlay.swift */ = {isa = PBXFileReference; fileEncoding = 4; lastKnownFileType = sourcecode.swift; path = SelectionOverlay.swift; sourceTree = "<group>"; };
		992048A01B54184F005F3AB3 /* CFNetwork.framework */ = {isa = PBXFileReference; lastKnownFileType = wrapper.framework; name = CFNetwork.framework; path = System/Library/Frameworks/CFNetwork.framework; sourceTree = SDKROOT; };
		992048A21B541857005F3AB3 /* CoreData.framework */ = {isa = PBXFileReference; lastKnownFileType = wrapper.framework; name = CoreData.framework; path = System/Library/Frameworks/CoreData.framework; sourceTree = SDKROOT; };
		992048A41B54185D005F3AB3 /* MobileCoreServices.framework */ = {isa = PBXFileReference; lastKnownFileType = wrapper.framework; name = MobileCoreServices.framework; path = System/Library/Frameworks/MobileCoreServices.framework; sourceTree = SDKROOT; };
		992048A61B541870005F3AB3 /* Security.framework */ = {isa = PBXFileReference; lastKnownFileType = wrapper.framework; name = Security.framework; path = System/Library/Frameworks/Security.framework; sourceTree = SDKROOT; };
		992048A71B541870005F3AB3 /* SystemConfiguration.framework */ = {isa = PBXFileReference; lastKnownFileType = wrapper.framework; name = SystemConfiguration.framework; path = System/Library/Frameworks/SystemConfiguration.framework; sourceTree = SDKROOT; };
		992048AB1B541A51005F3AB3 /* FareDealKoala-Bridging-Header.h */ = {isa = PBXFileReference; lastKnownFileType = sourcecode.c.h; path = "FareDealKoala-Bridging-Header.h"; sourceTree = "<group>"; };
		A2F52FDDB8C9D3109473226C /* Pods.framework */ = {isa = PBXFileReference; explicitFileType = wrapper.framework; includeInIndex = 0; path = Pods.framework; sourceTree = BUILT_PRODUCTS_DIR; };
/* End PBXFileReference section */

/* Begin PBXFrameworksBuildPhase section */
		992048681B53FF2B005F3AB3 /* Frameworks */ = {
			isa = PBXFrameworksBuildPhase;
			buildActionMask = 2147483647;
			files = (
				992048A81B541870005F3AB3 /* Security.framework in Frameworks */,
				992048A91B541870005F3AB3 /* SystemConfiguration.framework in Frameworks */,
				992048A51B54185D005F3AB3 /* MobileCoreServices.framework in Frameworks */,
				992048A31B541857005F3AB3 /* CoreData.framework in Frameworks */,
				992048A11B54184F005F3AB3 /* CFNetwork.framework in Frameworks */,
				992048911B53FFE5005F3AB3 /* CoreLocation.framework in Frameworks */,
				4DCC5F0AC83A004987C7F558 /* Pods.framework in Frameworks */,
			);
			runOnlyForDeploymentPostprocessing = 0;
		};
		9920487D1B53FF2B005F3AB3 /* Frameworks */ = {
			isa = PBXFrameworksBuildPhase;
			buildActionMask = 2147483647;
			files = (
				212CE6FE9E5BFCB664AC2326 /* Pods.framework in Frameworks */,
			);
			runOnlyForDeploymentPostprocessing = 0;
		};
/* End PBXFrameworksBuildPhase section */

/* Begin PBXGroup section */
		6BD5942F96625432102FB1AE /* Pods */ = {
			isa = PBXGroup;
			children = (
				89B5C25E023D4C97D94E6AFE /* Pods.debug.xcconfig */,
				0C29413B45AAFA01FA1FB827 /* Pods.release.xcconfig */,
			);
			name = Pods;
			sourceTree = "<group>";
		};
		992048621B53FF2B005F3AB3 = {
			isa = PBXGroup;
			children = (
				992048AB1B541A51005F3AB3 /* FareDealKoala-Bridging-Header.h */,
				9920486D1B53FF2B005F3AB3 /* FareDealKoala */,
				992048831B53FF2B005F3AB3 /* FareDealKoalaTests */,
				9920486C1B53FF2B005F3AB3 /* Products */,
				6BD5942F96625432102FB1AE /* Pods */,
				A35C07E7DD9B61DA56498FC8 /* Frameworks */,
			);
			sourceTree = "<group>";
		};
		9920486C1B53FF2B005F3AB3 /* Products */ = {
			isa = PBXGroup;
			children = (
				9920486B1B53FF2B005F3AB3 /* FareDealKoala.app */,
				992048801B53FF2B005F3AB3 /* FareDealKoalaTests.xctest */,
			);
			name = Products;
			sourceTree = "<group>";
		};
		9920486D1B53FF2B005F3AB3 /* FareDealKoala */ = {
			isa = PBXGroup;
			children = (
				992048701B53FF2B005F3AB3 /* AppDelegate.swift */,
				992048921B54001A005F3AB3 /* TinderLikeViewController.swift */,
				992048741B53FF2B005F3AB3 /* Main.storyboard */,
				992048771B53FF2B005F3AB3 /* Images.xcassets */,
				992048791B53FF2B005F3AB3 /* LaunchScreen.xib */,
				992048941B54094A005F3AB3 /* OverlayView.xib */,
				9920486E1B53FF2B005F3AB3 /* Supporting Files */,
				992048991B540A86005F3AB3 /* SelectionOverlay.swift */,
			);
			path = FareDealKoala;
			sourceTree = "<group>";
		};
		9920486E1B53FF2B005F3AB3 /* Supporting Files */ = {
			isa = PBXGroup;
			children = (
				9920486F1B53FF2B005F3AB3 /* Info.plist */,
			);
			name = "Supporting Files";
			sourceTree = "<group>";
		};
		992048831B53FF2B005F3AB3 /* FareDealKoalaTests */ = {
			isa = PBXGroup;
			children = (
				992048861B53FF2B005F3AB3 /* FareDealKoalaTests.swift */,
				992048841B53FF2B005F3AB3 /* Supporting Files */,
			);
			path = FareDealKoalaTests;
			sourceTree = "<group>";
		};
		992048841B53FF2B005F3AB3 /* Supporting Files */ = {
			isa = PBXGroup;
			children = (
				992048851B53FF2B005F3AB3 /* Info.plist */,
			);
			name = "Supporting Files";
			sourceTree = "<group>";
		};
		A35C07E7DD9B61DA56498FC8 /* Frameworks */ = {
			isa = PBXGroup;
			children = (
				992048A61B541870005F3AB3 /* Security.framework */,
				992048A71B541870005F3AB3 /* SystemConfiguration.framework */,
				992048A41B54185D005F3AB3 /* MobileCoreServices.framework */,
				992048A21B541857005F3AB3 /* CoreData.framework */,
				992048A01B54184F005F3AB3 /* CFNetwork.framework */,
				992048901B53FFE5005F3AB3 /* CoreLocation.framework */,
				A2F52FDDB8C9D3109473226C /* Pods.framework */,
			);
			name = Frameworks;
			sourceTree = "<group>";
		};
/* End PBXGroup section */

/* Begin PBXNativeTarget section */
		9920486A1B53FF2B005F3AB3 /* FareDealKoala */ = {
			isa = PBXNativeTarget;
			buildConfigurationList = 9920488A1B53FF2B005F3AB3 /* Build configuration list for PBXNativeTarget "FareDealKoala" */;
			buildPhases = (
				6DAC195D5749128BD743B6DF /* Check Pods Manifest.lock */,
				992048671B53FF2B005F3AB3 /* Sources */,
				992048681B53FF2B005F3AB3 /* Frameworks */,
				992048691B53FF2B005F3AB3 /* Resources */,
				D2EA6C9FCF42178B610CFDB3 /* Embed Pods Frameworks */,
				AF0FF3FA588DC1451AE09D3F /* Copy Pods Resources */,
			);
			buildRules = (
			);
			dependencies = (
			);
			name = FareDealKoala;
			productName = FareDealKoala;
			productReference = 9920486B1B53FF2B005F3AB3 /* FareDealKoala.app */;
			productType = "com.apple.product-type.application";
		};
		9920487F1B53FF2B005F3AB3 /* FareDealKoalaTests */ = {
			isa = PBXNativeTarget;
			buildConfigurationList = 9920488D1B53FF2B005F3AB3 /* Build configuration list for PBXNativeTarget "FareDealKoalaTests" */;
			buildPhases = (
				D6873C8AFCD447B0832C50E5 /* Check Pods Manifest.lock */,
				9920487C1B53FF2B005F3AB3 /* Sources */,
				9920487D1B53FF2B005F3AB3 /* Frameworks */,
				9920487E1B53FF2B005F3AB3 /* Resources */,
				7D36F3970BCF061FEAB46EC9 /* Embed Pods Frameworks */,
				9C3AFD801E7410FFEA14364B /* Copy Pods Resources */,
			);
			buildRules = (
			);
			dependencies = (
				992048821B53FF2B005F3AB3 /* PBXTargetDependency */,
			);
			name = FareDealKoalaTests;
			productName = FareDealKoalaTests;
			productReference = 992048801B53FF2B005F3AB3 /* FareDealKoalaTests.xctest */;
			productType = "com.apple.product-type.bundle.unit-test";
		};
/* End PBXNativeTarget section */

/* Begin PBXProject section */
		992048631B53FF2B005F3AB3 /* Project object */ = {
			isa = PBXProject;
			attributes = {
				LastUpgradeCheck = 0630;
				ORGANIZATIONNAME = "Angela Smith";
				TargetAttributes = {
					9920486A1B53FF2B005F3AB3 = {
						CreatedOnToolsVersion = 6.3.2;
						DevelopmentTeam = 56R6M4W3X8;
					};
					9920487F1B53FF2B005F3AB3 = {
						CreatedOnToolsVersion = 6.3.2;
						TestTargetID = 9920486A1B53FF2B005F3AB3;
					};
				};
			};
			buildConfigurationList = 992048661B53FF2B005F3AB3 /* Build configuration list for PBXProject "FareDealKoala" */;
			compatibilityVersion = "Xcode 3.2";
			developmentRegion = English;
			hasScannedForEncodings = 0;
			knownRegions = (
				en,
				Base,
			);
			mainGroup = 992048621B53FF2B005F3AB3;
			productRefGroup = 9920486C1B53FF2B005F3AB3 /* Products */;
			projectDirPath = "";
			projectRoot = "";
			targets = (
				9920486A1B53FF2B005F3AB3 /* FareDealKoala */,
				9920487F1B53FF2B005F3AB3 /* FareDealKoalaTests */,
			);
		};
/* End PBXProject section */

/* Begin PBXResourcesBuildPhase section */
		992048691B53FF2B005F3AB3 /* Resources */ = {
			isa = PBXResourcesBuildPhase;
			buildActionMask = 2147483647;
			files = (
				992048761B53FF2B005F3AB3 /* Main.storyboard in Resources */,
				992048961B54094A005F3AB3 /* OverlayView.xib in Resources */,
				9920487B1B53FF2B005F3AB3 /* LaunchScreen.xib in Resources */,
				992048781B53FF2B005F3AB3 /* Images.xcassets in Resources */,
			);
			runOnlyForDeploymentPostprocessing = 0;
		};
		9920487E1B53FF2B005F3AB3 /* Resources */ = {
			isa = PBXResourcesBuildPhase;
			buildActionMask = 2147483647;
			files = (
			);
			runOnlyForDeploymentPostprocessing = 0;
		};
/* End PBXResourcesBuildPhase section */

/* Begin PBXShellScriptBuildPhase section */
		6DAC195D5749128BD743B6DF /* Check Pods Manifest.lock */ = {
			isa = PBXShellScriptBuildPhase;
			buildActionMask = 2147483647;
			files = (
			);
			inputPaths = (
			);
			name = "Check Pods Manifest.lock";
			outputPaths = (
			);
			runOnlyForDeploymentPostprocessing = 0;
			shellPath = /bin/sh;
			shellScript = "diff \"${PODS_ROOT}/../Podfile.lock\" \"${PODS_ROOT}/Manifest.lock\" > /dev/null\nif [[ $? != 0 ]] ; then\n    cat << EOM\nerror: The sandbox is not in sync with the Podfile.lock. Run 'pod install' or update your CocoaPods installation.\nEOM\n    exit 1\nfi\n";
			showEnvVarsInLog = 0;
		};
		7D36F3970BCF061FEAB46EC9 /* Embed Pods Frameworks */ = {
			isa = PBXShellScriptBuildPhase;
			buildActionMask = 2147483647;
			files = (
			);
			inputPaths = (
			);
			name = "Embed Pods Frameworks";
			outputPaths = (
			);
			runOnlyForDeploymentPostprocessing = 0;
			shellPath = /bin/sh;
			shellScript = "\"${SRCROOT}/Pods/Target Support Files/Pods/Pods-frameworks.sh\"\n";
			showEnvVarsInLog = 0;
		};
		9C3AFD801E7410FFEA14364B /* Copy Pods Resources */ = {
			isa = PBXShellScriptBuildPhase;
			buildActionMask = 2147483647;
			files = (
			);
			inputPaths = (
			);
			name = "Copy Pods Resources";
			outputPaths = (
			);
			runOnlyForDeploymentPostprocessing = 0;
			shellPath = /bin/sh;
			shellScript = "\"${SRCROOT}/Pods/Target Support Files/Pods/Pods-resources.sh\"\n";
			showEnvVarsInLog = 0;
		};
		AF0FF3FA588DC1451AE09D3F /* Copy Pods Resources */ = {
			isa = PBXShellScriptBuildPhase;
			buildActionMask = 2147483647;
			files = (
			);
			inputPaths = (
			);
			name = "Copy Pods Resources";
			outputPaths = (
			);
			runOnlyForDeploymentPostprocessing = 0;
			shellPath = /bin/sh;
			shellScript = "\"${SRCROOT}/Pods/Target Support Files/Pods/Pods-resources.sh\"\n";
			showEnvVarsInLog = 0;
		};
		D2EA6C9FCF42178B610CFDB3 /* Embed Pods Frameworks */ = {
			isa = PBXShellScriptBuildPhase;
			buildActionMask = 2147483647;
			files = (
			);
			inputPaths = (
			);
			name = "Embed Pods Frameworks";
			outputPaths = (
			);
			runOnlyForDeploymentPostprocessing = 0;
			shellPath = /bin/sh;
			shellScript = "\"${SRCROOT}/Pods/Target Support Files/Pods/Pods-frameworks.sh\"\n";
			showEnvVarsInLog = 0;
		};
		D6873C8AFCD447B0832C50E5 /* Check Pods Manifest.lock */ = {
			isa = PBXShellScriptBuildPhase;
			buildActionMask = 2147483647;
			files = (
			);
			inputPaths = (
			);
			name = "Check Pods Manifest.lock";
			outputPaths = (
			);
			runOnlyForDeploymentPostprocessing = 0;
			shellPath = /bin/sh;
			shellScript = "diff \"${PODS_ROOT}/../Podfile.lock\" \"${PODS_ROOT}/Manifest.lock\" > /dev/null\nif [[ $? != 0 ]] ; then\n    cat << EOM\nerror: The sandbox is not in sync with the Podfile.lock. Run 'pod install' or update your CocoaPods installation.\nEOM\n    exit 1\nfi\n";
			showEnvVarsInLog = 0;
		};
/* End PBXShellScriptBuildPhase section */

/* Begin PBXSourcesBuildPhase section */
		992048671B53FF2B005F3AB3 /* Sources */ = {
			isa = PBXSourcesBuildPhase;
			buildActionMask = 2147483647;
			files = (
				992048931B54001A005F3AB3 /* TinderLikeViewController.swift in Sources */,
				992048711B53FF2B005F3AB3 /* AppDelegate.swift in Sources */,
				9920489A1B540A86005F3AB3 /* SelectionOverlay.swift in Sources */,
			);
			runOnlyForDeploymentPostprocessing = 0;
		};
		9920487C1B53FF2B005F3AB3 /* Sources */ = {
			isa = PBXSourcesBuildPhase;
			buildActionMask = 2147483647;
			files = (
				992048871B53FF2B005F3AB3 /* FareDealKoalaTests.swift in Sources */,
			);
			runOnlyForDeploymentPostprocessing = 0;
		};
/* End PBXSourcesBuildPhase section */

/* Begin PBXTargetDependency section */
		992048821B53FF2B005F3AB3 /* PBXTargetDependency */ = {
			isa = PBXTargetDependency;
			target = 9920486A1B53FF2B005F3AB3 /* FareDealKoala */;
			targetProxy = 992048811B53FF2B005F3AB3 /* PBXContainerItemProxy */;
		};
/* End PBXTargetDependency section */

/* Begin PBXVariantGroup section */
		992048741B53FF2B005F3AB3 /* Main.storyboard */ = {
			isa = PBXVariantGroup;
			children = (
				992048751B53FF2B005F3AB3 /* Base */,
			);
			name = Main.storyboard;
			sourceTree = "<group>";
		};
		992048791B53FF2B005F3AB3 /* LaunchScreen.xib */ = {
			isa = PBXVariantGroup;
			children = (
				9920487A1B53FF2B005F3AB3 /* Base */,
			);
			name = LaunchScreen.xib;
			sourceTree = "<group>";
		};
		992048941B54094A005F3AB3 /* OverlayView.xib */ = {
			isa = PBXVariantGroup;
			children = (
				992048951B54094A005F3AB3 /* Base */,
			);
			name = OverlayView.xib;
			path = ..;
			sourceTree = "<group>";
		};
/* End PBXVariantGroup section */

/* Begin XCBuildConfiguration section */
		992048881B53FF2B005F3AB3 /* Debug */ = {
			isa = XCBuildConfiguration;
			buildSettings = {
				ALWAYS_SEARCH_USER_PATHS = NO;
				CLANG_CXX_LANGUAGE_STANDARD = "gnu++0x";
				CLANG_CXX_LIBRARY = "libc++";
				CLANG_ENABLE_MODULES = YES;
				CLANG_ENABLE_OBJC_ARC = YES;
				CLANG_WARN_BOOL_CONVERSION = YES;
				CLANG_WARN_CONSTANT_CONVERSION = YES;
				CLANG_WARN_DIRECT_OBJC_ISA_USAGE = YES_ERROR;
				CLANG_WARN_EMPTY_BODY = YES;
				CLANG_WARN_ENUM_CONVERSION = YES;
				CLANG_WARN_INT_CONVERSION = YES;
				CLANG_WARN_OBJC_ROOT_CLASS = YES_ERROR;
				CLANG_WARN_UNREACHABLE_CODE = YES;
				CLANG_WARN__DUPLICATE_METHOD_MATCH = YES;
				"CODE_SIGN_IDENTITY[sdk=iphoneos*]" = "iPhone Developer";
				COPY_PHASE_STRIP = NO;
				DEBUG_INFORMATION_FORMAT = "dwarf-with-dsym";
				ENABLE_STRICT_OBJC_MSGSEND = YES;
				GCC_C_LANGUAGE_STANDARD = gnu99;
				GCC_DYNAMIC_NO_PIC = NO;
				GCC_NO_COMMON_BLOCKS = YES;
				GCC_OPTIMIZATION_LEVEL = 0;
				GCC_PREPROCESSOR_DEFINITIONS = (
					"DEBUG=1",
					"$(inherited)",
				);
				GCC_SYMBOLS_PRIVATE_EXTERN = NO;
				GCC_WARN_64_TO_32_BIT_CONVERSION = YES;
				GCC_WARN_ABOUT_RETURN_TYPE = YES_ERROR;
				GCC_WARN_UNDECLARED_SELECTOR = YES;
				GCC_WARN_UNINITIALIZED_AUTOS = YES_AGGRESSIVE;
				GCC_WARN_UNUSED_FUNCTION = YES;
				GCC_WARN_UNUSED_VARIABLE = YES;
				IPHONEOS_DEPLOYMENT_TARGET = 8.3;
				MTL_ENABLE_DEBUG_INFO = YES;
				ONLY_ACTIVE_ARCH = YES;
				SDKROOT = iphoneos;
				SWIFT_OPTIMIZATION_LEVEL = "-Onone";
			};
			name = Debug;
		};
		992048891B53FF2B005F3AB3 /* Release */ = {
			isa = XCBuildConfiguration;
			buildSettings = {
				ALWAYS_SEARCH_USER_PATHS = NO;
				CLANG_CXX_LANGUAGE_STANDARD = "gnu++0x";
				CLANG_CXX_LIBRARY = "libc++";
				CLANG_ENABLE_MODULES = YES;
				CLANG_ENABLE_OBJC_ARC = YES;
				CLANG_WARN_BOOL_CONVERSION = YES;
				CLANG_WARN_CONSTANT_CONVERSION = YES;
				CLANG_WARN_DIRECT_OBJC_ISA_USAGE = YES_ERROR;
				CLANG_WARN_EMPTY_BODY = YES;
				CLANG_WARN_ENUM_CONVERSION = YES;
				CLANG_WARN_INT_CONVERSION = YES;
				CLANG_WARN_OBJC_ROOT_CLASS = YES_ERROR;
				CLANG_WARN_UNREACHABLE_CODE = YES;
				CLANG_WARN__DUPLICATE_METHOD_MATCH = YES;
				"CODE_SIGN_IDENTITY[sdk=iphoneos*]" = "iPhone Developer";
				COPY_PHASE_STRIP = NO;
				DEBUG_INFORMATION_FORMAT = "dwarf-with-dsym";
				ENABLE_NS_ASSERTIONS = NO;
				ENABLE_STRICT_OBJC_MSGSEND = YES;
				GCC_C_LANGUAGE_STANDARD = gnu99;
				GCC_NO_COMMON_BLOCKS = YES;
				GCC_WARN_64_TO_32_BIT_CONVERSION = YES;
				GCC_WARN_ABOUT_RETURN_TYPE = YES_ERROR;
				GCC_WARN_UNDECLARED_SELECTOR = YES;
				GCC_WARN_UNINITIALIZED_AUTOS = YES_AGGRESSIVE;
				GCC_WARN_UNUSED_FUNCTION = YES;
				GCC_WARN_UNUSED_VARIABLE = YES;
				IPHONEOS_DEPLOYMENT_TARGET = 8.3;
				MTL_ENABLE_DEBUG_INFO = NO;
				SDKROOT = iphoneos;
				VALIDATE_PRODUCT = YES;
			};
			name = Release;
		};
		9920488B1B53FF2B005F3AB3 /* Debug */ = {
			isa = XCBuildConfiguration;
			baseConfigurationReference = 89B5C25E023D4C97D94E6AFE /* Pods.debug.xcconfig */;
			buildSettings = {
				ASSETCATALOG_COMPILER_APPICON_NAME = AppIcon;
				ASSETCATALOG_COMPILER_LAUNCHIMAGE_NAME = LaunchImage;
				CODE_SIGN_IDENTITY = "iPhone Developer";
				"CODE_SIGN_IDENTITY[sdk=iphoneos*]" = "iPhone Developer";
				INFOPLIST_FILE = FareDealKoala/Info.plist;
				IPHONEOS_DEPLOYMENT_TARGET = 8.0;
				LD_RUNPATH_SEARCH_PATHS = "$(inherited) @executable_path/Frameworks";
				PRODUCT_NAME = "$(TARGET_NAME)";
				PROVISIONING_PROFILE = "";
				SWIFT_OBJC_BRIDGING_HEADER = "FareDealKoala-Bridging-Header.h";
			};
			name = Debug;
		};
		9920488C1B53FF2B005F3AB3 /* Release */ = {
			isa = XCBuildConfiguration;
			baseConfigurationReference = 0C29413B45AAFA01FA1FB827 /* Pods.release.xcconfig */;
			buildSettings = {
				ASSETCATALOG_COMPILER_APPICON_NAME = AppIcon;
				ASSETCATALOG_COMPILER_LAUNCHIMAGE_NAME = LaunchImage;
				CODE_SIGN_IDENTITY = "iPhone Developer";
				"CODE_SIGN_IDENTITY[sdk=iphoneos*]" = "iPhone Developer";
				INFOPLIST_FILE = FareDealKoala/Info.plist;
				IPHONEOS_DEPLOYMENT_TARGET = 8.0;
				LD_RUNPATH_SEARCH_PATHS = "$(inherited) @executable_path/Frameworks";
				PRODUCT_NAME = "$(TARGET_NAME)";
				PROVISIONING_PROFILE = "";
				SWIFT_OBJC_BRIDGING_HEADER = "FareDealKoala-Bridging-Header.h";
			};
			name = Release;
		};
		9920488E1B53FF2B005F3AB3 /* Debug */ = {
			isa = XCBuildConfiguration;
			baseConfigurationReference = 89B5C25E023D4C97D94E6AFE /* Pods.debug.xcconfig */;
			buildSettings = {
				BUNDLE_LOADER = "$(TEST_HOST)";
				FRAMEWORK_SEARCH_PATHS = (
					"$(SDKROOT)/Developer/Library/Frameworks",
					"$(inherited)",
				);
				GCC_PREPROCESSOR_DEFINITIONS = (
					"DEBUG=1",
					"$(inherited)",
				);
				INFOPLIST_FILE = FareDealKoalaTests/Info.plist;
				LD_RUNPATH_SEARCH_PATHS = "$(inherited) @executable_path/Frameworks @loader_path/Frameworks";
				PRODUCT_NAME = "$(TARGET_NAME)";
				TEST_HOST = "$(BUILT_PRODUCTS_DIR)/FareDealKoala.app/FareDealKoala";
			};
			name = Debug;
		};
		9920488F1B53FF2B005F3AB3 /* Release */ = {
			isa = XCBuildConfiguration;
			baseConfigurationReference = 0C29413B45AAFA01FA1FB827 /* Pods.release.xcconfig */;
			buildSettings = {
				BUNDLE_LOADER = "$(TEST_HOST)";
				FRAMEWORK_SEARCH_PATHS = (
					"$(SDKROOT)/Developer/Library/Frameworks",
					"$(inherited)",
				);
				INFOPLIST_FILE = FareDealKoalaTests/Info.plist;
				LD_RUNPATH_SEARCH_PATHS = "$(inherited) @executable_path/Frameworks @loader_path/Frameworks";
				PRODUCT_NAME = "$(TARGET_NAME)";
				TEST_HOST = "$(BUILT_PRODUCTS_DIR)/FareDealKoala.app/FareDealKoala";
			};
			name = Release;
		};
/* End XCBuildConfiguration section */

/* Begin XCConfigurationList section */
		992048661B53FF2B005F3AB3 /* Build configuration list for PBXProject "FareDealKoala" */ = {
			isa = XCConfigurationList;
			buildConfigurations = (
				992048881B53FF2B005F3AB3 /* Debug */,
				992048891B53FF2B005F3AB3 /* Release */,
			);
			defaultConfigurationIsVisible = 0;
			defaultConfigurationName = Release;
		};
		9920488A1B53FF2B005F3AB3 /* Build configuration list for PBXNativeTarget "FareDealKoala" */ = {
			isa = XCConfigurationList;
			buildConfigurations = (
				9920488B1B53FF2B005F3AB3 /* Debug */,
				9920488C1B53FF2B005F3AB3 /* Release */,
			);
			defaultConfigurationIsVisible = 0;
			defaultConfigurationName = Release;
		};
		9920488D1B53FF2B005F3AB3 /* Build configuration list for PBXNativeTarget "FareDealKoalaTests" */ = {
			isa = XCConfigurationList;
			buildConfigurations = (
				9920488E1B53FF2B005F3AB3 /* Debug */,
				9920488F1B53FF2B005F3AB3 /* Release */,
			);
			defaultConfigurationIsVisible = 0;
			defaultConfigurationName = Release;
		};
/* End XCConfigurationList section */
	};
	rootObject = 992048631B53FF2B005F3AB3 /* Project object */;
}
